
Microsoft Visual Studio Solution File, Format Version 12.00
# Visual Studio Version 17
VisualStudioVersion = 17.14.36915.13
MinimumVisualStudioVersion = 10.0.40219.1
Project("{FAE04EC0-301F-11D3-BF4B-00C04F79EFBC}") = "Core", "Core\Core.csproj", "{B0BDB277-D04B-4576-B1DF-B5D205776313}"
EndProject
Project("{FAE04EC0-301F-11D3-BF4B-00C04F79EFBC}") = "ModelViewer", "ModelViewer\ModelViewer.csproj", "{813E760D-F643-4442-890E-30B75058A811}"
EndProject
Global
	GlobalSection(SolutionConfigurationPlatforms) = preSolution
		Debug|Any CPU = Debug|Any CPU
		Release|Any CPU = Release|Any CPU
	EndGlobalSection
	GlobalSection(ProjectConfigurationPlatforms) = postSolution
		{B0BDB277-D04B-4576-B1DF-B5D205776313}.Debug|Any CPU.ActiveCfg = Debug|Any CPU
		{B0BDB277-D04B-4576-B1DF-B5D205776313}.Debug|Any CPU.Build.0 = Debug|Any CPU
		{B0BDB277-D04B-4576-B1DF-B5D205776313}.Release|Any CPU.ActiveCfg = Release|Any CPU
		{B0BDB277-D04B-4576-B1DF-B5D205776313}.Release|Any CPU.Build.0 = Release|Any CPU
		{813E760D-F643-4442-890E-30B75058A811}.Debug|Any CPU.ActiveCfg = Debug|Any CPU
		{813E760D-F643-4442-890E-30B75058A811}.Debug|Any CPU.Build.0 = Debug|Any CPU
		{813E760D-F643-4442-890E-30B75058A811}.Release|Any CPU.ActiveCfg = Release|Any CPU
		{813E760D-F643-4442-890E-30B75058A811}.Release|Any CPU.Build.0 = Release|Any CPU
	EndGlobalSection
	GlobalSection(SolutionProperties) = preSolution
		HideSolutionNode = FALSE
	EndGlobalSection
	GlobalSection(ExtensibilityGlobals) = postSolution
		SolutionGuid = {1850B1E8-7177-4AC8-BD7E-D37890B38E04}
	EndGlobalSection
EndGlobal
